
Microsoft Visual Studio Solution File, Format Version 12.00
# Visual Studio Version 17
VisualStudioVersion = 17.0.32014.148
MinimumVisualStudioVersion = 10.0.40219.1
Project("{2150E333-8FDC-42A3-9474-1A3956D46DE8}") = "src", "src", "{25FC7BDB-CE5A-4758-8775-E9802BD66861}"
EndProject
Project("{FAE04EC0-301F-11D3-BF4B-00C04F79EFBC}") = "CreateCustomer", "src\CreateCustomer\CreateCustomer.csproj", "{EB8FB248-4D8A-4CAC-906E-E03E0CCDED43}"
EndProject
Global
	GlobalSection(SolutionConfigurationPlatforms) = preSolution
		Debug|Any CPU = Debug|Any CPU
		Release|Any CPU = Release|Any CPU
	EndGlobalSection
	GlobalSection(ProjectConfigurationPlatforms) = postSolution
		{EB8FB248-4D8A-4CAC-906E-E03E0CCDED43}.Debug|Any CPU.ActiveCfg = Debug|Any CPU
		{EB8FB248-4D8A-4CAC-906E-E03E0CCDED43}.Debug|Any CPU.Build.0 = Debug|Any CPU
		{EB8FB248-4D8A-4CAC-906E-E03E0CCDED43}.Release|Any CPU.ActiveCfg = Release|Any CPU
		{EB8FB248-4D8A-4CAC-906E-E03E0CCDED43}.Release|Any CPU.Build.0 = Release|Any CPU
	EndGlobalSection
	GlobalSection(SolutionProperties) = preSolution
		HideSolutionNode = FALSE
	EndGlobalSection
	GlobalSection(NestedProjects) = preSolution
		{EB8FB248-4D8A-4CAC-906E-E03E0CCDED43} = {25FC7BDB-CE5A-4758-8775-E9802BD66861}
	EndGlobalSection
	GlobalSection(ExtensibilityGlobals) = postSolution
		SolutionGuid = {B12E1CE2-97B8-4982-A142-723F5E12E06C}
	EndGlobalSection
EndGlobal
